// !$*UTF8*$!
{
	archiveVersion = 1;
	classes = {
	};
	objectVersion = 56;
	objects = {

/* Begin PBXBuildFile section */
		4D0157342B2991EE0089BFFF /* Barcode.swift in Sources */ = {isa = PBXBuildFile; fileRef = 4D0157332B2991EE0089BFFF /* Barcode.swift */; };
		4D093EF82AC2D019004F2F6A /* HomeView.swift in Sources */ = {isa = PBXBuildFile; fileRef = 4D093EF72AC2D019004F2F6A /* HomeView.swift */; };
		4D093EFA2AC2D322004F2F6A /* ClassRow.swift in Sources */ = {isa = PBXBuildFile; fileRef = 4D093EF92AC2D322004F2F6A /* ClassRow.swift */; };
		4D093EFC2AC7908A004F2F6A /* ContentView.swift in Sources */ = {isa = PBXBuildFile; fileRef = 4D093EFB2AC7908A004F2F6A /* ContentView.swift */; };
		4D093F002AC79277004F2F6A /* AccountView.swift in Sources */ = {isa = PBXBuildFile; fileRef = 4D093EFF2AC79277004F2F6A /* AccountView.swift */; };
		4D093F052AC792A7004F2F6A /* ClassesView.swift in Sources */ = {isa = PBXBuildFile; fileRef = 4D093F042AC792A7004F2F6A /* ClassesView.swift */; };
		4D093F092ACEABF4004F2F6A /* AccountLinkView.swift in Sources */ = {isa = PBXBuildFile; fileRef = 4D093F082ACEABF4004F2F6A /* AccountLinkView.swift */; };
		4D093F0B2ACEAD65004F2F6A /* NotImplementedView.swift in Sources */ = {isa = PBXBuildFile; fileRef = 4D093F0A2ACEAD65004F2F6A /* NotImplementedView.swift */; };
		4D279F532AFA40110010C5E8 /* UpcomingSessions.swift in Sources */ = {isa = PBXBuildFile; fileRef = 4D279F522AFA40110010C5E8 /* UpcomingSessions.swift */; };
		4D27A4BA2B74B78E00E8E92F /* RootViewModel.swift in Sources */ = {isa = PBXBuildFile; fileRef = 4D27A4B92B74B78E00E8E92F /* RootViewModel.swift */; };
		4D27A4BC2B74C16300E8E92F /* ClientFactory.swift in Sources */ = {isa = PBXBuildFile; fileRef = 4D27A4BB2B74C16300E8E92F /* ClientFactory.swift */; };
		4D27A4BE2B74CC7C00E8E92F /* ClassSession+ShareText.swift in Sources */ = {isa = PBXBuildFile; fileRef = 4D27A4BD2B74CC7C00E8E92F /* ClassSession+ShareText.swift */; };
		4D27A4C02B74D6B900E8E92F /* LesMillsClient+Booking.swift in Sources */ = {isa = PBXBuildFile; fileRef = 4D27A4BF2B74D6B900E8E92F /* LesMillsClient+Booking.swift */; };
		4D27A4C22B74DA1500E8E92F /* ClassBookingModel.swift in Sources */ = {isa = PBXBuildFile; fileRef = 4D27A4C12B74DA1500E8E92F /* ClassBookingModel.swift */; };
		4D27A4C42B74DFA800E8E92F /* BookClassButton.swift in Sources */ = {isa = PBXBuildFile; fileRef = 4D27A4C32B74DFA800E8E92F /* BookClassButton.swift */; };
		4D32A1C62B2AFD2F00532069 /* NormalisedTimetable.swift in Sources */ = {isa = PBXBuildFile; fileRef = 4D32A1C52B2AFD2F00532069 /* NormalisedTimetable.swift */; };
		4D32A1C82B2B093F00532069 /* ScreenBrightness.swift in Sources */ = {isa = PBXBuildFile; fileRef = 4D32A1C72B2B093F00532069 /* ScreenBrightness.swift */; };
		4D39F18A2AB0864F00FD0BCD /* LesMillsApp.swift in Sources */ = {isa = PBXBuildFile; fileRef = 4D39F1892AB0864F00FD0BCD /* LesMillsApp.swift */; };
		4D39F18E2AB0865000FD0BCD /* Assets.xcassets in Resources */ = {isa = PBXBuildFile; fileRef = 4D39F18D2AB0865000FD0BCD /* Assets.xcassets */; };
		4D39F1922AB0865000FD0BCD /* Preview Assets.xcassets in Resources */ = {isa = PBXBuildFile; fileRef = 4D39F1912AB0865000FD0BCD /* Preview Assets.xcassets */; };
		4D39F19C2AB0865000FD0BCD /* LesMillsTests.swift in Sources */ = {isa = PBXBuildFile; fileRef = 4D39F19B2AB0865000FD0BCD /* LesMillsTests.swift */; };
		4D39F1A62AB0865000FD0BCD /* LesMillsUITests.swift in Sources */ = {isa = PBXBuildFile; fileRef = 4D39F1A52AB0865000FD0BCD /* LesMillsUITests.swift */; };
		4D39F1A82AB0865000FD0BCD /* LesMillsUITestsLaunchTests.swift in Sources */ = {isa = PBXBuildFile; fileRef = 4D39F1A72AB0865000FD0BCD /* LesMillsUITestsLaunchTests.swift */; };
		4D3A623B2B284CD700DD1AF4 /* ClassesViewModel.swift in Sources */ = {isa = PBXBuildFile; fileRef = 4D3A623A2B284CD700DD1AF4 /* ClassesViewModel.swift */; };
		4D3A623D2B284CF000DD1AF4 /* MultiSelectList.swift in Sources */ = {isa = PBXBuildFile; fileRef = 4D3A623C2B284CF000DD1AF4 /* MultiSelectList.swift */; };
		4D3A623F2B28519E00DD1AF4 /* GetInstructors.swift in Sources */ = {isa = PBXBuildFile; fileRef = 4D3A623E2B28519E00DD1AF4 /* GetInstructors.swift */; };
		4D3A62412B28593800DD1AF4 /* GetAvailableClassTypes.swift in Sources */ = {isa = PBXBuildFile; fileRef = 4D3A62402B28593800DD1AF4 /* GetAvailableClassTypes.swift */; };
		4D3A62432B285B3E00DD1AF4 /* GetTimetable.swift in Sources */ = {isa = PBXBuildFile; fileRef = 4D3A62422B285B3E00DD1AF4 /* GetTimetable.swift */; };
		4D3A62452B285CDF00DD1AF4 /* ClassSession.swift in Sources */ = {isa = PBXBuildFile; fileRef = 4D3A62442B285CDF00DD1AF4 /* ClassSession.swift */; };
		4D3A62472B28684A00DD1AF4 /* ClassesViewFilters.swift in Sources */ = {isa = PBXBuildFile; fileRef = 4D3A62462B28684A00DD1AF4 /* ClassesViewFilters.swift */; };
		4D3DDCEB2AD800A000E72291 /* LoginView.swift in Sources */ = {isa = PBXBuildFile; fileRef = 4D3DDCEA2AD800A000E72291 /* LoginView.swift */; };
		4D3DDCF02ADFC3C900E72291 /* LoginForm.swift in Sources */ = {isa = PBXBuildFile; fileRef = 4D3DDCEF2ADFC3C900E72291 /* LoginForm.swift */; };
		4D42EFFF2AEA6CDF00694111 /* LesMillsTextField.swift in Sources */ = {isa = PBXBuildFile; fileRef = 4D42EFFE2AEA6CDF00694111 /* LesMillsTextField.swift */; };
		4D42F0012AEA71A400694111 /* LesMillsClient.swift in Sources */ = {isa = PBXBuildFile; fileRef = 4D42F0002AEA71A400694111 /* LesMillsClient.swift */; };
		4D42F0032AEC710400694111 /* AuthenticatedView.swift in Sources */ = {isa = PBXBuildFile; fileRef = 4D42F0022AEC710400694111 /* AuthenticatedView.swift */; };
		4D6216702B4FF33800EB4248 /* SaveBooking.swift in Sources */ = {isa = PBXBuildFile; fileRef = 4D62166F2B4FF33800EB4248 /* SaveBooking.swift */; };
		4D6216722B4FF6B900EB4248 /* PrepareBooking.swift in Sources */ = {isa = PBXBuildFile; fileRef = 4D6216712B4FF6B900EB4248 /* PrepareBooking.swift */; };
		4D89C11F2B5A636D006A8957 /* AccountDetailsView.swift in Sources */ = {isa = PBXBuildFile; fileRef = 4D89C11E2B5A636D006A8957 /* AccountDetailsView.swift */; };
		4D9042702AFB7936001E3311 /* Get in Frameworks */ = {isa = PBXBuildFile; productRef = 4D90426F2AFB7936001E3311 /* Get */; };
		4D9042762AFB8268001E3311 /* UserContactDetails.swift in Sources */ = {isa = PBXBuildFile; fileRef = 4D9042752AFB8268001E3311 /* UserContactDetails.swift */; };
		4D9042792AFB8291001E3311 /* SignIn.swift in Sources */ = {isa = PBXBuildFile; fileRef = 4D9042782AFB8291001E3311 /* SignIn.swift */; };
		4D90427B2AFB8309001E3311 /* ValidateAPIToken.swift in Sources */ = {isa = PBXBuildFile; fileRef = 4D90427A2AFB8309001E3311 /* ValidateAPIToken.swift */; };
		4D90427D2AFB8425001E3311 /* GetDetails.swift in Sources */ = {isa = PBXBuildFile; fileRef = 4D90427C2AFB8425001E3311 /* GetDetails.swift */; };
		4D90427F2AFB848B001E3311 /* ForgotPassword.swift in Sources */ = {isa = PBXBuildFile; fileRef = 4D90427E2AFB848B001E3311 /* ForgotPassword.swift */; };
		4D9042812AFB8543001E3311 /* ChangePassword.swift in Sources */ = {isa = PBXBuildFile; fileRef = 4D9042802AFB8543001E3311 /* ChangePassword.swift */; };
		4D9042832AFB8639001E3311 /* CheckContactExists.swift in Sources */ = {isa = PBXBuildFile; fileRef = 4D9042822AFB8639001E3311 /* CheckContactExists.swift */; };
		4D9042882AFB95A4001E3311 /* Factory in Frameworks */ = {isa = PBXBuildFile; productRef = 4D9042872AFB95A4001E3311 /* Factory */; };
		4DA975BD2B25B00200E79AA5 /* NextClasses.swift in Sources */ = {isa = PBXBuildFile; fileRef = 4DA975BC2B25B00200E79AA5 /* NextClasses.swift */; };
		4DA975BF2B25B0F500E79AA5 /* GetClubs.swift in Sources */ = {isa = PBXBuildFile; fileRef = 4DA975BE2B25B0F500E79AA5 /* GetClubs.swift */; };
		4DADB6B32B3BB14900949667 /* RandomUtils.swift in Sources */ = {isa = PBXBuildFile; fileRef = 4DADB6B22B3BB14900949667 /* RandomUtils.swift */; };
		4DADB6B72B3BD07800949667 /* SessionDetail.swift in Sources */ = {isa = PBXBuildFile; fileRef = 4DADB6B62B3BD07800949667 /* SessionDetail.swift */; };
		4DC928BB2B29A3DC00C80207 /* ShowBarcode.swift in Sources */ = {isa = PBXBuildFile; fileRef = 4DC928BA2B29A3DC00C80207 /* ShowBarcode.swift */; };
		4DDD36572B286CFC0015FCB3 /* ClassSession+Color.swift in Sources */ = {isa = PBXBuildFile; fileRef = 4DDD36562B286CFC0015FCB3 /* ClassSession+Color.swift */; };
		4DE0EECE2B2D6A8600598255 /* DetailedClub.swift in Sources */ = {isa = PBXBuildFile; fileRef = 4DE0EECD2B2D6A8600598255 /* DetailedClub.swift */; };
		4DE0EED02B2D6C4400598255 /* ClassPageViewController.swift in Sources */ = {isa = PBXBuildFile; fileRef = 4DE0EECF2B2D6C4400598255 /* ClassPageViewController.swift */; };
		4DE0EED22B2D73BD00598255 /* HomeViewModel.swift in Sources */ = {isa = PBXBuildFile; fileRef = 4DE0EED12B2D73BD00598255 /* HomeViewModel.swift */; };
		4DE0EED52B2D741F00598255 /* AccountViewModel.swift in Sources */ = {isa = PBXBuildFile; fileRef = 4DE0EED42B2D741F00598255 /* AccountViewModel.swift */; };
		4DE0EED72B2D74B200598255 /* AccountLoadedView.swift in Sources */ = {isa = PBXBuildFile; fileRef = 4DE0EED62B2D74B200598255 /* AccountLoadedView.swift */; };
		4DE0EED92B2EE8C100598255 /* UpdateDetails.swift in Sources */ = {isa = PBXBuildFile; fileRef = 4DE0EED82B2EE8C100598255 /* UpdateDetails.swift */; };
		4DF59CCD2B548172007F60C0 /* RemoveBooking.swift in Sources */ = {isa = PBXBuildFile; fileRef = 4DF59CCC2B548172007F60C0 /* RemoveBooking.swift */; };
		4DF976C32B3ABFAC00614235 /* MultiSelectItem.swift in Sources */ = {isa = PBXBuildFile; fileRef = 4DF976C22B3ABFAC00614235 /* MultiSelectItem.swift */; };
		4DF976C52B3AE51B00614235 /* GetBookingList.swift in Sources */ = {isa = PBXBuildFile; fileRef = 4DF976C42B3AE51B00614235 /* GetBookingList.swift */; };
		4DF976C92B3AE9AD00614235 /* BookedSession.swift in Sources */ = {isa = PBXBuildFile; fileRef = 4DF976C82B3AE9AD00614235 /* BookedSession.swift */; };
		4DF976CB2B3AEBB900614235 /* CommonDateFormats.swift in Sources */ = {isa = PBXBuildFile; fileRef = 4DF976CA2B3AEBB900614235 /* CommonDateFormats.swift */; };
/* End PBXBuildFile section */

/* Begin PBXContainerItemProxy section */
		4D39F1982AB0865000FD0BCD /* PBXContainerItemProxy */ = {
			isa = PBXContainerItemProxy;
			containerPortal = 4D39F17E2AB0864F00FD0BCD /* Project object */;
			proxyType = 1;
			remoteGlobalIDString = 4D39F1852AB0864F00FD0BCD;
			remoteInfo = LesMills;
		};
		4D39F1A22AB0865000FD0BCD /* PBXContainerItemProxy */ = {
			isa = PBXContainerItemProxy;
			containerPortal = 4D39F17E2AB0864F00FD0BCD /* Project object */;
			proxyType = 1;
			remoteGlobalIDString = 4D39F1852AB0864F00FD0BCD;
			remoteInfo = LesMills;
		};
/* End PBXContainerItemProxy section */

/* Begin PBXFileReference section */
		4D0157332B2991EE0089BFFF /* Barcode.swift */ = {isa = PBXFileReference; lastKnownFileType = sourcecode.swift; path = Barcode.swift; sourceTree = "<group>"; };
		4D04ABD52B5632E300FB1BED /* Info.plist */ = {isa = PBXFileReference; lastKnownFileType = text.plist; path = Info.plist; sourceTree = "<group>"; };
		4D093EF72AC2D019004F2F6A /* HomeView.swift */ = {isa = PBXFileReference; lastKnownFileType = sourcecode.swift; path = HomeView.swift; sourceTree = "<group>"; };
		4D093EF92AC2D322004F2F6A /* ClassRow.swift */ = {isa = PBXFileReference; lastKnownFileType = sourcecode.swift; path = ClassRow.swift; sourceTree = "<group>"; };
		4D093EFB2AC7908A004F2F6A /* ContentView.swift */ = {isa = PBXFileReference; lastKnownFileType = sourcecode.swift; path = ContentView.swift; sourceTree = "<group>"; };
		4D093EFF2AC79277004F2F6A /* AccountView.swift */ = {isa = PBXFileReference; lastKnownFileType = sourcecode.swift; path = AccountView.swift; sourceTree = "<group>"; };
		4D093F042AC792A7004F2F6A /* ClassesView.swift */ = {isa = PBXFileReference; lastKnownFileType = sourcecode.swift; path = ClassesView.swift; sourceTree = "<group>"; };
		4D093F082ACEABF4004F2F6A /* AccountLinkView.swift */ = {isa = PBXFileReference; lastKnownFileType = sourcecode.swift; path = AccountLinkView.swift; sourceTree = "<group>"; };
		4D093F0A2ACEAD65004F2F6A /* NotImplementedView.swift */ = {isa = PBXFileReference; lastKnownFileType = sourcecode.swift; path = NotImplementedView.swift; sourceTree = "<group>"; };
		4D279F522AFA40110010C5E8 /* UpcomingSessions.swift */ = {isa = PBXFileReference; lastKnownFileType = sourcecode.swift; path = UpcomingSessions.swift; sourceTree = "<group>"; };
		4D27A4B92B74B78E00E8E92F /* RootViewModel.swift */ = {isa = PBXFileReference; lastKnownFileType = sourcecode.swift; path = RootViewModel.swift; sourceTree = "<group>"; };
		4D27A4BB2B74C16300E8E92F /* ClientFactory.swift */ = {isa = PBXFileReference; lastKnownFileType = sourcecode.swift; path = ClientFactory.swift; sourceTree = "<group>"; };
		4D27A4BD2B74CC7C00E8E92F /* ClassSession+ShareText.swift */ = {isa = PBXFileReference; lastKnownFileType = sourcecode.swift; path = "ClassSession+ShareText.swift"; sourceTree = "<group>"; };
		4D27A4BF2B74D6B900E8E92F /* LesMillsClient+Booking.swift */ = {isa = PBXFileReference; lastKnownFileType = sourcecode.swift; path = "LesMillsClient+Booking.swift"; sourceTree = "<group>"; };
		4D27A4C12B74DA1500E8E92F /* ClassBookingModel.swift */ = {isa = PBXFileReference; lastKnownFileType = sourcecode.swift; path = ClassBookingModel.swift; sourceTree = "<group>"; };
		4D27A4C32B74DFA800E8E92F /* BookClassButton.swift */ = {isa = PBXFileReference; lastKnownFileType = sourcecode.swift; path = BookClassButton.swift; sourceTree = "<group>"; };
		4D32A1C52B2AFD2F00532069 /* NormalisedTimetable.swift */ = {isa = PBXFileReference; lastKnownFileType = sourcecode.swift; path = NormalisedTimetable.swift; sourceTree = "<group>"; };
		4D32A1C72B2B093F00532069 /* ScreenBrightness.swift */ = {isa = PBXFileReference; lastKnownFileType = sourcecode.swift; path = ScreenBrightness.swift; sourceTree = "<group>"; };
		4D39F1862AB0864F00FD0BCD /* LesMills.app */ = {isa = PBXFileReference; explicitFileType = wrapper.application; includeInIndex = 0; path = LesMills.app; sourceTree = BUILT_PRODUCTS_DIR; };
		4D39F1892AB0864F00FD0BCD /* LesMillsApp.swift */ = {isa = PBXFileReference; lastKnownFileType = sourcecode.swift; path = LesMillsApp.swift; sourceTree = "<group>"; };
		4D39F18D2AB0865000FD0BCD /* Assets.xcassets */ = {isa = PBXFileReference; lastKnownFileType = folder.assetcatalog; path = Assets.xcassets; sourceTree = "<group>"; };
		4D39F18F2AB0865000FD0BCD /* LesMills.entitlements */ = {isa = PBXFileReference; lastKnownFileType = text.plist.entitlements; path = LesMills.entitlements; sourceTree = "<group>"; };
		4D39F1912AB0865000FD0BCD /* Preview Assets.xcassets */ = {isa = PBXFileReference; lastKnownFileType = folder.assetcatalog; path = "Preview Assets.xcassets"; sourceTree = "<group>"; };
		4D39F1972AB0865000FD0BCD /* LesMillsTests.xctest */ = {isa = PBXFileReference; explicitFileType = wrapper.cfbundle; includeInIndex = 0; path = LesMillsTests.xctest; sourceTree = BUILT_PRODUCTS_DIR; };
		4D39F19B2AB0865000FD0BCD /* LesMillsTests.swift */ = {isa = PBXFileReference; lastKnownFileType = sourcecode.swift; path = LesMillsTests.swift; sourceTree = "<group>"; };
		4D39F1A12AB0865000FD0BCD /* LesMillsUITests.xctest */ = {isa = PBXFileReference; explicitFileType = wrapper.cfbundle; includeInIndex = 0; path = LesMillsUITests.xctest; sourceTree = BUILT_PRODUCTS_DIR; };
		4D39F1A52AB0865000FD0BCD /* LesMillsUITests.swift */ = {isa = PBXFileReference; lastKnownFileType = sourcecode.swift; path = LesMillsUITests.swift; sourceTree = "<group>"; };
		4D39F1A72AB0865000FD0BCD /* LesMillsUITestsLaunchTests.swift */ = {isa = PBXFileReference; lastKnownFileType = sourcecode.swift; path = LesMillsUITestsLaunchTests.swift; sourceTree = "<group>"; };
		4D3A623A2B284CD700DD1AF4 /* ClassesViewModel.swift */ = {isa = PBXFileReference; lastKnownFileType = sourcecode.swift; path = ClassesViewModel.swift; sourceTree = "<group>"; };
		4D3A623C2B284CF000DD1AF4 /* MultiSelectList.swift */ = {isa = PBXFileReference; lastKnownFileType = sourcecode.swift; path = MultiSelectList.swift; sourceTree = "<group>"; };
		4D3A623E2B28519E00DD1AF4 /* GetInstructors.swift */ = {isa = PBXFileReference; lastKnownFileType = sourcecode.swift; path = GetInstructors.swift; sourceTree = "<group>"; };
		4D3A62402B28593800DD1AF4 /* GetAvailableClassTypes.swift */ = {isa = PBXFileReference; lastKnownFileType = sourcecode.swift; path = GetAvailableClassTypes.swift; sourceTree = "<group>"; };
		4D3A62422B285B3E00DD1AF4 /* GetTimetable.swift */ = {isa = PBXFileReference; lastKnownFileType = sourcecode.swift; path = GetTimetable.swift; sourceTree = "<group>"; };
		4D3A62442B285CDF00DD1AF4 /* ClassSession.swift */ = {isa = PBXFileReference; lastKnownFileType = sourcecode.swift; path = ClassSession.swift; sourceTree = "<group>"; };
		4D3A62462B28684A00DD1AF4 /* ClassesViewFilters.swift */ = {isa = PBXFileReference; lastKnownFileType = sourcecode.swift; path = ClassesViewFilters.swift; sourceTree = "<group>"; };
		4D3DDCEA2AD800A000E72291 /* LoginView.swift */ = {isa = PBXFileReference; lastKnownFileType = sourcecode.swift; path = LoginView.swift; sourceTree = "<group>"; };
		4D3DDCEF2ADFC3C900E72291 /* LoginForm.swift */ = {isa = PBXFileReference; lastKnownFileType = sourcecode.swift; path = LoginForm.swift; sourceTree = "<group>"; };
		4D42EFFE2AEA6CDF00694111 /* LesMillsTextField.swift */ = {isa = PBXFileReference; lastKnownFileType = sourcecode.swift; path = LesMillsTextField.swift; sourceTree = "<group>"; };
		4D42F0002AEA71A400694111 /* LesMillsClient.swift */ = {isa = PBXFileReference; lastKnownFileType = sourcecode.swift; path = LesMillsClient.swift; sourceTree = "<group>"; };
		4D42F0022AEC710400694111 /* AuthenticatedView.swift */ = {isa = PBXFileReference; lastKnownFileType = sourcecode.swift; path = AuthenticatedView.swift; sourceTree = "<group>"; };
		4D62166F2B4FF33800EB4248 /* SaveBooking.swift */ = {isa = PBXFileReference; lastKnownFileType = sourcecode.swift; path = SaveBooking.swift; sourceTree = "<group>"; };
		4D6216712B4FF6B900EB4248 /* PrepareBooking.swift */ = {isa = PBXFileReference; lastKnownFileType = sourcecode.swift; path = PrepareBooking.swift; sourceTree = "<group>"; };
		4D89C11E2B5A636D006A8957 /* AccountDetailsView.swift */ = {isa = PBXFileReference; lastKnownFileType = sourcecode.swift; path = AccountDetailsView.swift; sourceTree = "<group>"; };
		4D9042752AFB8268001E3311 /* UserContactDetails.swift */ = {isa = PBXFileReference; lastKnownFileType = sourcecode.swift; path = UserContactDetails.swift; sourceTree = "<group>"; };
		4D9042782AFB8291001E3311 /* SignIn.swift */ = {isa = PBXFileReference; lastKnownFileType = sourcecode.swift; path = SignIn.swift; sourceTree = "<group>"; };
		4D90427A2AFB8309001E3311 /* ValidateAPIToken.swift */ = {isa = PBXFileReference; lastKnownFileType = sourcecode.swift; path = ValidateAPIToken.swift; sourceTree = "<group>"; };
		4D90427C2AFB8425001E3311 /* GetDetails.swift */ = {isa = PBXFileReference; lastKnownFileType = sourcecode.swift; path = GetDetails.swift; sourceTree = "<group>"; };
		4D90427E2AFB848B001E3311 /* ForgotPassword.swift */ = {isa = PBXFileReference; lastKnownFileType = sourcecode.swift; path = ForgotPassword.swift; sourceTree = "<group>"; };
		4D9042802AFB8543001E3311 /* ChangePassword.swift */ = {isa = PBXFileReference; lastKnownFileType = sourcecode.swift; path = ChangePassword.swift; sourceTree = "<group>"; };
		4D9042822AFB8639001E3311 /* CheckContactExists.swift */ = {isa = PBXFileReference; lastKnownFileType = sourcecode.swift; path = CheckContactExists.swift; sourceTree = "<group>"; };
		4DA975BC2B25B00200E79AA5 /* NextClasses.swift */ = {isa = PBXFileReference; lastKnownFileType = sourcecode.swift; path = NextClasses.swift; sourceTree = "<group>"; };
		4DA975BE2B25B0F500E79AA5 /* GetClubs.swift */ = {isa = PBXFileReference; lastKnownFileType = sourcecode.swift; path = GetClubs.swift; sourceTree = "<group>"; };
		4DADB6B22B3BB14900949667 /* RandomUtils.swift */ = {isa = PBXFileReference; lastKnownFileType = sourcecode.swift; path = RandomUtils.swift; sourceTree = "<group>"; };
		4DADB6B62B3BD07800949667 /* SessionDetail.swift */ = {isa = PBXFileReference; lastKnownFileType = sourcecode.swift; path = SessionDetail.swift; sourceTree = "<group>"; };
		4DC928BA2B29A3DC00C80207 /* ShowBarcode.swift */ = {isa = PBXFileReference; lastKnownFileType = sourcecode.swift; path = ShowBarcode.swift; sourceTree = "<group>"; };
		4DDD36562B286CFC0015FCB3 /* ClassSession+Color.swift */ = {isa = PBXFileReference; lastKnownFileType = sourcecode.swift; path = "ClassSession+Color.swift"; sourceTree = "<group>"; };
		4DE0EECD2B2D6A8600598255 /* DetailedClub.swift */ = {isa = PBXFileReference; lastKnownFileType = sourcecode.swift; path = DetailedClub.swift; sourceTree = "<group>"; };
		4DE0EECF2B2D6C4400598255 /* ClassPageViewController.swift */ = {isa = PBXFileReference; lastKnownFileType = sourcecode.swift; path = ClassPageViewController.swift; sourceTree = "<group>"; };
		4DE0EED12B2D73BD00598255 /* HomeViewModel.swift */ = {isa = PBXFileReference; lastKnownFileType = sourcecode.swift; path = HomeViewModel.swift; sourceTree = "<group>"; };
		4DE0EED42B2D741F00598255 /* AccountViewModel.swift */ = {isa = PBXFileReference; lastKnownFileType = sourcecode.swift; path = AccountViewModel.swift; sourceTree = "<group>"; };
		4DE0EED62B2D74B200598255 /* AccountLoadedView.swift */ = {isa = PBXFileReference; lastKnownFileType = sourcecode.swift; path = AccountLoadedView.swift; sourceTree = "<group>"; };
		4DE0EED82B2EE8C100598255 /* UpdateDetails.swift */ = {isa = PBXFileReference; lastKnownFileType = sourcecode.swift; path = UpdateDetails.swift; sourceTree = "<group>"; };
		4DF59CCC2B548172007F60C0 /* RemoveBooking.swift */ = {isa = PBXFileReference; lastKnownFileType = sourcecode.swift; path = RemoveBooking.swift; sourceTree = "<group>"; };
		4DF976C22B3ABFAC00614235 /* MultiSelectItem.swift */ = {isa = PBXFileReference; lastKnownFileType = sourcecode.swift; path = MultiSelectItem.swift; sourceTree = "<group>"; };
		4DF976C42B3AE51B00614235 /* GetBookingList.swift */ = {isa = PBXFileReference; lastKnownFileType = sourcecode.swift; path = GetBookingList.swift; sourceTree = "<group>"; };
		4DF976C82B3AE9AD00614235 /* BookedSession.swift */ = {isa = PBXFileReference; lastKnownFileType = sourcecode.swift; path = BookedSession.swift; sourceTree = "<group>"; };
		4DF976CA2B3AEBB900614235 /* CommonDateFormats.swift */ = {isa = PBXFileReference; lastKnownFileType = sourcecode.swift; path = CommonDateFormats.swift; sourceTree = "<group>"; };
/* End PBXFileReference section */

/* Begin PBXFrameworksBuildPhase section */
		4D39F1832AB0864F00FD0BCD /* Frameworks */ = {
			isa = PBXFrameworksBuildPhase;
			buildActionMask = 2147483647;
			files = (
				4D9042702AFB7936001E3311 /* Get in Frameworks */,
				4D9042882AFB95A4001E3311 /* Factory in Frameworks */,
			);
			runOnlyForDeploymentPostprocessing = 0;
		};
		4D39F1942AB0865000FD0BCD /* Frameworks */ = {
			isa = PBXFrameworksBuildPhase;
			buildActionMask = 2147483647;
			files = (
			);
			runOnlyForDeploymentPostprocessing = 0;
		};
		4D39F19E2AB0865000FD0BCD /* Frameworks */ = {
			isa = PBXFrameworksBuildPhase;
			buildActionMask = 2147483647;
			files = (
			);
			runOnlyForDeploymentPostprocessing = 0;
		};
/* End PBXFrameworksBuildPhase section */

/* Begin PBXGroup section */
		4D093EF62AC2CAE3004F2F6A /* Views */ = {
			isa = PBXGroup;
			children = (
				4DADB6B42B3BD06C00949667 /* ClassDetail */,
				4D42EFFD2AEA6CCF00694111 /* Components */,
				4D093EFD2AC79264004F2F6A /* Home */,
				4D093EFE2AC7926F004F2F6A /* Account */,
				4D093F032AC79290004F2F6A /* Classes */,
				4D093EFB2AC7908A004F2F6A /* ContentView.swift */,
				4D42F0022AEC710400694111 /* AuthenticatedView.swift */,
				4D3DDCEC2ADFC3B600E72291 /* Login */,
			);
			path = Views;
			sourceTree = "<group>";
		};
		4D093EFD2AC79264004F2F6A /* Home */ = {
			isa = PBXGroup;
			children = (
				4D093EF72AC2D019004F2F6A /* HomeView.swift */,
				4DC928BA2B29A3DC00C80207 /* ShowBarcode.swift */,
				4D279F522AFA40110010C5E8 /* UpcomingSessions.swift */,
				4DA975BC2B25B00200E79AA5 /* NextClasses.swift */,
				4DF976C82B3AE9AD00614235 /* BookedSession.swift */,
			);
			path = Home;
			sourceTree = "<group>";
		};
		4D093EFE2AC7926F004F2F6A /* Account */ = {
			isa = PBXGroup;
			children = (
				4D093EFF2AC79277004F2F6A /* AccountView.swift */,
				4D093F082ACEABF4004F2F6A /* AccountLinkView.swift */,
				4DE0EED62B2D74B200598255 /* AccountLoadedView.swift */,
				4D89C11E2B5A636D006A8957 /* AccountDetailsView.swift */,
			);
			path = Account;
			sourceTree = "<group>";
		};
		4D093F032AC79290004F2F6A /* Classes */ = {
			isa = PBXGroup;
			children = (
				4D093EF92AC2D322004F2F6A /* ClassRow.swift */,
				4D093F042AC792A7004F2F6A /* ClassesView.swift */,
				4DE0EECF2B2D6C4400598255 /* ClassPageViewController.swift */,
				4D3A62462B28684A00DD1AF4 /* ClassesViewFilters.swift */,
				4D27A4C32B74DFA800E8E92F /* BookClassButton.swift */,
			);
			path = Classes;
			sourceTree = "<group>";
		};
		4D39F17D2AB0864F00FD0BCD = {
			isa = PBXGroup;
			children = (
				4D9042712AFB821E001E3311 /* Shared */,
				4D39F1882AB0864F00FD0BCD /* LesMills */,
				4D39F19A2AB0865000FD0BCD /* LesMillsTests */,
				4D39F1A42AB0865000FD0BCD /* LesMillsUITests */,
				4D39F1872AB0864F00FD0BCD /* Products */,
			);
			sourceTree = "<group>";
		};
		4D39F1872AB0864F00FD0BCD /* Products */ = {
			isa = PBXGroup;
			children = (
				4D39F1862AB0864F00FD0BCD /* LesMills.app */,
				4D39F1972AB0865000FD0BCD /* LesMillsTests.xctest */,
				4D39F1A12AB0865000FD0BCD /* LesMillsUITests.xctest */,
			);
			name = Products;
			sourceTree = "<group>";
		};
		4D39F1882AB0864F00FD0BCD /* LesMills */ = {
			isa = PBXGroup;
			children = (
				4D04ABD52B5632E300FB1BED /* Info.plist */,
				4DE0EED32B2D73D000598255 /* Extensions */,
				4D39F1892AB0864F00FD0BCD /* LesMillsApp.swift */,
				4D093EF62AC2CAE3004F2F6A /* Views */,
				4D39F1B42AB0865500FD0BCD /* Model */,
				4D39F18D2AB0865000FD0BCD /* Assets.xcassets */,
				4DADB6B12B3BB13600949667 /* Helpers */,
				4D39F18F2AB0865000FD0BCD /* LesMills.entitlements */,
				4D39F1902AB0865000FD0BCD /* Preview Content */,
			);
			path = LesMills;
			sourceTree = "<group>";
		};
		4D39F1902AB0865000FD0BCD /* Preview Content */ = {
			isa = PBXGroup;
			children = (
				4D39F1912AB0865000FD0BCD /* Preview Assets.xcassets */,
			);
			path = "Preview Content";
			sourceTree = "<group>";
		};
		4D39F19A2AB0865000FD0BCD /* LesMillsTests */ = {
			isa = PBXGroup;
			children = (
				4D39F19B2AB0865000FD0BCD /* LesMillsTests.swift */,
			);
			path = LesMillsTests;
			sourceTree = "<group>";
		};
		4D39F1A42AB0865000FD0BCD /* LesMillsUITests */ = {
			isa = PBXGroup;
			children = (
				4D39F1A52AB0865000FD0BCD /* LesMillsUITests.swift */,
				4D39F1A72AB0865000FD0BCD /* LesMillsUITestsLaunchTests.swift */,
			);
			path = LesMillsUITests;
			sourceTree = "<group>";
		};
		4D39F1B42AB0865500FD0BCD /* Model */ = {
			isa = PBXGroup;
			children = (
				4D3A623A2B284CD700DD1AF4 /* ClassesViewModel.swift */,
				4D32A1C52B2AFD2F00532069 /* NormalisedTimetable.swift */,
				4DE0EED12B2D73BD00598255 /* HomeViewModel.swift */,
				4DE0EED42B2D741F00598255 /* AccountViewModel.swift */,
				4D27A4B92B74B78E00E8E92F /* RootViewModel.swift */,
				4D27A4C12B74DA1500E8E92F /* ClassBookingModel.swift */,
			);
			path = Model;
			sourceTree = "<group>";
		};
		4D3DDCEC2ADFC3B600E72291 /* Login */ = {
			isa = PBXGroup;
			children = (
				4D3DDCEA2AD800A000E72291 /* LoginView.swift */,
				4D3DDCEF2ADFC3C900E72291 /* LoginForm.swift */,
			);
			path = Login;
			sourceTree = "<group>";
		};
		4D42EFFD2AEA6CCF00694111 /* Components */ = {
			isa = PBXGroup;
			children = (
				4D3A623C2B284CF000DD1AF4 /* MultiSelectList.swift */,
				4DF976C22B3ABFAC00614235 /* MultiSelectItem.swift */,
				4D42EFFE2AEA6CDF00694111 /* LesMillsTextField.swift */,
				4D093F0A2ACEAD65004F2F6A /* NotImplementedView.swift */,
				4D0157332B2991EE0089BFFF /* Barcode.swift */,
				4D32A1C72B2B093F00532069 /* ScreenBrightness.swift */,
			);
			path = Components;
			sourceTree = "<group>";
		};
		4D9042712AFB821E001E3311 /* Shared */ = {
			isa = PBXGroup;
			children = (
				4D9042722AFB822C001E3311 /* LesMillsClient */,
			);
			path = Shared;
			sourceTree = "<group>";
		};
		4D9042722AFB822C001E3311 /* LesMillsClient */ = {
			isa = PBXGroup;
			children = (
				4D9042772AFB8285001E3311 /* Paths */,
				4D9042732AFB823B001E3311 /* Entities */,
				4D42F0002AEA71A400694111 /* LesMillsClient.swift */,
				4D27A4BF2B74D6B900E8E92F /* LesMillsClient+Booking.swift */,
			);
			path = LesMillsClient;
			sourceTree = "<group>";
		};
		4D9042732AFB823B001E3311 /* Entities */ = {
			isa = PBXGroup;
			children = (
				4D9042752AFB8268001E3311 /* UserContactDetails.swift */,
				4D3A62442B285CDF00DD1AF4 /* ClassSession.swift */,
				4DE0EECD2B2D6A8600598255 /* DetailedClub.swift */,
			);
			path = Entities;
			sourceTree = "<group>";
		};
		4D9042772AFB8285001E3311 /* Paths */ = {
			isa = PBXGroup;
			children = (
				4D9042782AFB8291001E3311 /* SignIn.swift */,
				4DF976C42B3AE51B00614235 /* GetBookingList.swift */,
				4D62166F2B4FF33800EB4248 /* SaveBooking.swift */,
				4D6216712B4FF6B900EB4248 /* PrepareBooking.swift */,
				4DF59CCC2B548172007F60C0 /* RemoveBooking.swift */,
				4DA975BE2B25B0F500E79AA5 /* GetClubs.swift */,
				4D3A623E2B28519E00DD1AF4 /* GetInstructors.swift */,
				4DE0EED82B2EE8C100598255 /* UpdateDetails.swift */,
				4D3A62402B28593800DD1AF4 /* GetAvailableClassTypes.swift */,
				4D3A62422B285B3E00DD1AF4 /* GetTimetable.swift */,
				4D9042822AFB8639001E3311 /* CheckContactExists.swift */,
				4D9042802AFB8543001E3311 /* ChangePassword.swift */,
				4D90427C2AFB8425001E3311 /* GetDetails.swift */,
				4D90427A2AFB8309001E3311 /* ValidateAPIToken.swift */,
				4D90427E2AFB848B001E3311 /* ForgotPassword.swift */,
			);
			path = Paths;
			sourceTree = "<group>";
		};
		4DADB6B12B3BB13600949667 /* Helpers */ = {
			isa = PBXGroup;
			children = (
				4DF976CA2B3AEBB900614235 /* CommonDateFormats.swift */,
				4DADB6B22B3BB14900949667 /* RandomUtils.swift */,
				4D27A4BB2B74C16300E8E92F /* ClientFactory.swift */,
			);
			path = Helpers;
			sourceTree = "<group>";
		};
		4DADB6B42B3BD06C00949667 /* ClassDetail */ = {
			isa = PBXGroup;
			children = (
				4DADB6B62B3BD07800949667 /* SessionDetail.swift */,
			);
			path = ClassDetail;
			sourceTree = "<group>";
		};
		4DE0EED32B2D73D000598255 /* Extensions */ = {
			isa = PBXGroup;
			children = (
				4DDD36562B286CFC0015FCB3 /* ClassSession+Color.swift */,
				4D27A4BD2B74CC7C00E8E92F /* ClassSession+ShareText.swift */,
			);
			path = Extensions;
			sourceTree = "<group>";
		};
/* End PBXGroup section */

/* Begin PBXNativeTarget section */
		4D39F1852AB0864F00FD0BCD /* LesMills */ = {
			isa = PBXNativeTarget;
			buildConfigurationList = 4D39F1AB2AB0865000FD0BCD /* Build configuration list for PBXNativeTarget "LesMills" */;
			buildPhases = (
				4D39F1822AB0864F00FD0BCD /* Sources */,
				4D39F1832AB0864F00FD0BCD /* Frameworks */,
				4D39F1842AB0864F00FD0BCD /* Resources */,
			);
			buildRules = (
			);
			dependencies = (
			);
			name = LesMills;
			packageProductDependencies = (
				4D90426F2AFB7936001E3311 /* Get */,
				4D9042872AFB95A4001E3311 /* Factory */,
			);
			productName = LesMills;
			productReference = 4D39F1862AB0864F00FD0BCD /* LesMills.app */;
			productType = "com.apple.product-type.application";
		};
		4D39F1962AB0865000FD0BCD /* LesMillsTests */ = {
			isa = PBXNativeTarget;
			buildConfigurationList = 4D39F1AE2AB0865000FD0BCD /* Build configuration list for PBXNativeTarget "LesMillsTests" */;
			buildPhases = (
				4D39F1932AB0865000FD0BCD /* Sources */,
				4D39F1942AB0865000FD0BCD /* Frameworks */,
				4D39F1952AB0865000FD0BCD /* Resources */,
			);
			buildRules = (
			);
			dependencies = (
				4D39F1992AB0865000FD0BCD /* PBXTargetDependency */,
			);
			name = LesMillsTests;
			productName = LesMillsTests;
			productReference = 4D39F1972AB0865000FD0BCD /* LesMillsTests.xctest */;
			productType = "com.apple.product-type.bundle.unit-test";
		};
		4D39F1A02AB0865000FD0BCD /* LesMillsUITests */ = {
			isa = PBXNativeTarget;
			buildConfigurationList = 4D39F1B12AB0865000FD0BCD /* Build configuration list for PBXNativeTarget "LesMillsUITests" */;
			buildPhases = (
				4D39F19D2AB0865000FD0BCD /* Sources */,
				4D39F19E2AB0865000FD0BCD /* Frameworks */,
				4D39F19F2AB0865000FD0BCD /* Resources */,
			);
			buildRules = (
			);
			dependencies = (
				4D39F1A32AB0865000FD0BCD /* PBXTargetDependency */,
			);
			name = LesMillsUITests;
			productName = LesMillsUITests;
			productReference = 4D39F1A12AB0865000FD0BCD /* LesMillsUITests.xctest */;
			productType = "com.apple.product-type.bundle.ui-testing";
		};
/* End PBXNativeTarget section */

/* Begin PBXProject section */
		4D39F17E2AB0864F00FD0BCD /* Project object */ = {
			isa = PBXProject;
			attributes = {
				BuildIndependentTargetsInParallel = 1;
				LastSwiftUpdateCheck = 1430;
				LastUpgradeCheck = 1520;
				TargetAttributes = {
					4D39F1852AB0864F00FD0BCD = {
						CreatedOnToolsVersion = 14.3.1;
					};
					4D39F1962AB0865000FD0BCD = {
						CreatedOnToolsVersion = 14.3.1;
						TestTargetID = 4D39F1852AB0864F00FD0BCD;
					};
					4D39F1A02AB0865000FD0BCD = {
						CreatedOnToolsVersion = 14.3.1;
						TestTargetID = 4D39F1852AB0864F00FD0BCD;
					};
				};
			};
			buildConfigurationList = 4D39F1812AB0864F00FD0BCD /* Build configuration list for PBXProject "LesMills" */;
			compatibilityVersion = "Xcode 14.0";
			developmentRegion = en;
			hasScannedForEncodings = 0;
			knownRegions = (
				en,
				Base,
			);
			mainGroup = 4D39F17D2AB0864F00FD0BCD;
			packageReferences = (
				4D90426E2AFB7936001E3311 /* XCRemoteSwiftPackageReference "Get" */,
				4D9042862AFB95A4001E3311 /* XCRemoteSwiftPackageReference "Factory" */,
			);
			productRefGroup = 4D39F1872AB0864F00FD0BCD /* Products */;
			projectDirPath = "";
			projectRoot = "";
			targets = (
				4D39F1852AB0864F00FD0BCD /* LesMills */,
				4D39F1962AB0865000FD0BCD /* LesMillsTests */,
				4D39F1A02AB0865000FD0BCD /* LesMillsUITests */,
			);
		};
/* End PBXProject section */

/* Begin PBXResourcesBuildPhase section */
		4D39F1842AB0864F00FD0BCD /* Resources */ = {
			isa = PBXResourcesBuildPhase;
			buildActionMask = 2147483647;
			files = (
				4D39F1922AB0865000FD0BCD /* Preview Assets.xcassets in Resources */,
				4D39F18E2AB0865000FD0BCD /* Assets.xcassets in Resources */,
			);
			runOnlyForDeploymentPostprocessing = 0;
		};
		4D39F1952AB0865000FD0BCD /* Resources */ = {
			isa = PBXResourcesBuildPhase;
			buildActionMask = 2147483647;
			files = (
			);
			runOnlyForDeploymentPostprocessing = 0;
		};
		4D39F19F2AB0865000FD0BCD /* Resources */ = {
			isa = PBXResourcesBuildPhase;
			buildActionMask = 2147483647;
			files = (
			);
			runOnlyForDeploymentPostprocessing = 0;
		};
/* End PBXResourcesBuildPhase section */

/* Begin PBXSourcesBuildPhase section */
		4D39F1822AB0864F00FD0BCD /* Sources */ = {
			isa = PBXSourcesBuildPhase;
			buildActionMask = 2147483647;
			files = (
				4DA975BF2B25B0F500E79AA5 /* GetClubs.swift in Sources */,
				4D3A62412B28593800DD1AF4 /* GetAvailableClassTypes.swift in Sources */,
				4D093EF82AC2D019004F2F6A /* HomeView.swift in Sources */,
				4D3A62452B285CDF00DD1AF4 /* ClassSession.swift in Sources */,
				4DE0EED72B2D74B200598255 /* AccountLoadedView.swift in Sources */,
				4DE0EECE2B2D6A8600598255 /* DetailedClub.swift in Sources */,
				4D42F0012AEA71A400694111 /* LesMillsClient.swift in Sources */,
				4D3A623F2B28519E00DD1AF4 /* GetInstructors.swift in Sources */,
				4D3A623D2B284CF000DD1AF4 /* MultiSelectList.swift in Sources */,
				4DF976CB2B3AEBB900614235 /* CommonDateFormats.swift in Sources */,
				4D3A62432B285B3E00DD1AF4 /* GetTimetable.swift in Sources */,
				4D6216702B4FF33800EB4248 /* SaveBooking.swift in Sources */,
				4D90427B2AFB8309001E3311 /* ValidateAPIToken.swift in Sources */,
				4DDD36572B286CFC0015FCB3 /* ClassSession+Color.swift in Sources */,
				4D9042792AFB8291001E3311 /* SignIn.swift in Sources */,
				4D093EFC2AC7908A004F2F6A /* ContentView.swift in Sources */,
				4D9042832AFB8639001E3311 /* CheckContactExists.swift in Sources */,
				4D89C11F2B5A636D006A8957 /* AccountDetailsView.swift in Sources */,
				4D39F18A2AB0864F00FD0BCD /* LesMillsApp.swift in Sources */,
				4DF976C52B3AE51B00614235 /* GetBookingList.swift in Sources */,
				4D32A1C82B2B093F00532069 /* ScreenBrightness.swift in Sources */,
				4DF976C32B3ABFAC00614235 /* MultiSelectItem.swift in Sources */,
				4D9042762AFB8268001E3311 /* UserContactDetails.swift in Sources */,
				4DADB6B72B3BD07800949667 /* SessionDetail.swift in Sources */,
				4DADB6B32B3BB14900949667 /* RandomUtils.swift in Sources */,
				4D27A4BA2B74B78E00E8E92F /* RootViewModel.swift in Sources */,
				4D3A623B2B284CD700DD1AF4 /* ClassesViewModel.swift in Sources */,
				4D093F052AC792A7004F2F6A /* ClassesView.swift in Sources */,
				4D27A4C02B74D6B900E8E92F /* LesMillsClient+Booking.swift in Sources */,
				4DA975BD2B25B00200E79AA5 /* NextClasses.swift in Sources */,
				4D6216722B4FF6B900EB4248 /* PrepareBooking.swift in Sources */,
				4DE0EED02B2D6C4400598255 /* ClassPageViewController.swift in Sources */,
				4D42EFFF2AEA6CDF00694111 /* LesMillsTextField.swift in Sources */,
				4DE0EED92B2EE8C100598255 /* UpdateDetails.swift in Sources */,
				4D27A4C22B74DA1500E8E92F /* ClassBookingModel.swift in Sources */,
				4D90427D2AFB8425001E3311 /* GetDetails.swift in Sources */,
				4D093EFA2AC2D322004F2F6A /* ClassRow.swift in Sources */,
				4DC928BB2B29A3DC00C80207 /* ShowBarcode.swift in Sources */,
				4D3A62472B28684A00DD1AF4 /* ClassesViewFilters.swift in Sources */,
				4DE0EED52B2D741F00598255 /* AccountViewModel.swift in Sources */,
				4D093F0B2ACEAD65004F2F6A /* NotImplementedView.swift in Sources */,
				4D9042812AFB8543001E3311 /* ChangePassword.swift in Sources */,
				4D27A4BC2B74C16300E8E92F /* ClientFactory.swift in Sources */,
				4D32A1C62B2AFD2F00532069 /* NormalisedTimetable.swift in Sources */,
				4DF59CCD2B548172007F60C0 /* RemoveBooking.swift in Sources */,
				4D093F092ACEABF4004F2F6A /* AccountLinkView.swift in Sources */,
				4D279F532AFA40110010C5E8 /* UpcomingSessions.swift in Sources */,
				4D42F0032AEC710400694111 /* AuthenticatedView.swift in Sources */,
				4D27A4BE2B74CC7C00E8E92F /* ClassSession+ShareText.swift in Sources */,
				4D3DDCEB2AD800A000E72291 /* LoginView.swift in Sources */,
				4D27A4C42B74DFA800E8E92F /* BookClassButton.swift in Sources */,
				4D3DDCF02ADFC3C900E72291 /* LoginForm.swift in Sources */,
				4DE0EED22B2D73BD00598255 /* HomeViewModel.swift in Sources */,
				4D093F002AC79277004F2F6A /* AccountView.swift in Sources */,
				4D90427F2AFB848B001E3311 /* ForgotPassword.swift in Sources */,
				4DF976C92B3AE9AD00614235 /* BookedSession.swift in Sources */,
				4D0157342B2991EE0089BFFF /* Barcode.swift in Sources */,
			);
			runOnlyForDeploymentPostprocessing = 0;
		};
		4D39F1932AB0865000FD0BCD /* Sources */ = {
			isa = PBXSourcesBuildPhase;
			buildActionMask = 2147483647;
			files = (
				4D39F19C2AB0865000FD0BCD /* LesMillsTests.swift in Sources */,
			);
			runOnlyForDeploymentPostprocessing = 0;
		};
		4D39F19D2AB0865000FD0BCD /* Sources */ = {
			isa = PBXSourcesBuildPhase;
			buildActionMask = 2147483647;
			files = (
				4D39F1A82AB0865000FD0BCD /* LesMillsUITestsLaunchTests.swift in Sources */,
				4D39F1A62AB0865000FD0BCD /* LesMillsUITests.swift in Sources */,
			);
			runOnlyForDeploymentPostprocessing = 0;
		};
/* End PBXSourcesBuildPhase section */

/* Begin PBXTargetDependency section */
		4D39F1992AB0865000FD0BCD /* PBXTargetDependency */ = {
			isa = PBXTargetDependency;
			target = 4D39F1852AB0864F00FD0BCD /* LesMills */;
			targetProxy = 4D39F1982AB0865000FD0BCD /* PBXContainerItemProxy */;
		};
		4D39F1A32AB0865000FD0BCD /* PBXTargetDependency */ = {
			isa = PBXTargetDependency;
			target = 4D39F1852AB0864F00FD0BCD /* LesMills */;
			targetProxy = 4D39F1A22AB0865000FD0BCD /* PBXContainerItemProxy */;
		};
/* End PBXTargetDependency section */

/* Begin XCBuildConfiguration section */
		4D39F1A92AB0865000FD0BCD /* Debug */ = {
			isa = XCBuildConfiguration;
			buildSettings = {
				ALWAYS_SEARCH_USER_PATHS = NO;
				ASSETCATALOG_COMPILER_GENERATE_SWIFT_ASSET_SYMBOL_EXTENSIONS = YES;
				CLANG_ANALYZER_NONNULL = YES;
				CLANG_ANALYZER_NUMBER_OBJECT_CONVERSION = YES_AGGRESSIVE;
				CLANG_CXX_LANGUAGE_STANDARD = "gnu++20";
				CLANG_ENABLE_MODULES = YES;
				CLANG_ENABLE_OBJC_ARC = YES;
				CLANG_ENABLE_OBJC_WEAK = YES;
				CLANG_WARN_BLOCK_CAPTURE_AUTORELEASING = YES;
				CLANG_WARN_BOOL_CONVERSION = YES;
				CLANG_WARN_COMMA = YES;
				CLANG_WARN_CONSTANT_CONVERSION = YES;
				CLANG_WARN_DEPRECATED_OBJC_IMPLEMENTATIONS = YES;
				CLANG_WARN_DIRECT_OBJC_ISA_USAGE = YES_ERROR;
				CLANG_WARN_DOCUMENTATION_COMMENTS = YES;
				CLANG_WARN_EMPTY_BODY = YES;
				CLANG_WARN_ENUM_CONVERSION = YES;
				CLANG_WARN_INFINITE_RECURSION = YES;
				CLANG_WARN_INT_CONVERSION = YES;
				CLANG_WARN_NON_LITERAL_NULL_CONVERSION = YES;
				CLANG_WARN_OBJC_IMPLICIT_RETAIN_SELF = YES;
				CLANG_WARN_OBJC_LITERAL_CONVERSION = YES;
				CLANG_WARN_OBJC_ROOT_CLASS = YES_ERROR;
				CLANG_WARN_QUOTED_INCLUDE_IN_FRAMEWORK_HEADER = YES;
				CLANG_WARN_RANGE_LOOP_ANALYSIS = YES;
				CLANG_WARN_STRICT_PROTOTYPES = YES;
				CLANG_WARN_SUSPICIOUS_MOVE = YES;
				CLANG_WARN_UNGUARDED_AVAILABILITY = YES_AGGRESSIVE;
				CLANG_WARN_UNREACHABLE_CODE = YES;
				CLANG_WARN__DUPLICATE_METHOD_MATCH = YES;
				COPY_PHASE_STRIP = NO;
				DEAD_CODE_STRIPPING = YES;
				DEBUG_INFORMATION_FORMAT = dwarf;
				ENABLE_STRICT_OBJC_MSGSEND = YES;
				ENABLE_TESTABILITY = YES;
				ENABLE_USER_SCRIPT_SANDBOXING = YES;
				GCC_C_LANGUAGE_STANDARD = gnu11;
				GCC_DYNAMIC_NO_PIC = NO;
				GCC_NO_COMMON_BLOCKS = YES;
				GCC_OPTIMIZATION_LEVEL = 0;
				GCC_PREPROCESSOR_DEFINITIONS = (
					"DEBUG=1",
					"$(inherited)",
				);
				GCC_WARN_64_TO_32_BIT_CONVERSION = YES;
				GCC_WARN_ABOUT_RETURN_TYPE = YES_ERROR;
				GCC_WARN_UNDECLARED_SELECTOR = YES;
				GCC_WARN_UNINITIALIZED_AUTOS = YES_AGGRESSIVE;
				GCC_WARN_UNUSED_FUNCTION = YES;
				GCC_WARN_UNUSED_VARIABLE = YES;
				MTL_ENABLE_DEBUG_INFO = INCLUDE_SOURCE;
				MTL_FAST_MATH = YES;
				ONLY_ACTIVE_ARCH = YES;
				SWIFT_ACTIVE_COMPILATION_CONDITIONS = DEBUG;
				SWIFT_OPTIMIZATION_LEVEL = "-Onone";
			};
			name = Debug;
		};
		4D39F1AA2AB0865000FD0BCD /* Release */ = {
			isa = XCBuildConfiguration;
			buildSettings = {
				ALWAYS_SEARCH_USER_PATHS = NO;
				ASSETCATALOG_COMPILER_GENERATE_SWIFT_ASSET_SYMBOL_EXTENSIONS = YES;
				CLANG_ANALYZER_NONNULL = YES;
				CLANG_ANALYZER_NUMBER_OBJECT_CONVERSION = YES_AGGRESSIVE;
				CLANG_CXX_LANGUAGE_STANDARD = "gnu++20";
				CLANG_ENABLE_MODULES = YES;
				CLANG_ENABLE_OBJC_ARC = YES;
				CLANG_ENABLE_OBJC_WEAK = YES;
				CLANG_WARN_BLOCK_CAPTURE_AUTORELEASING = YES;
				CLANG_WARN_BOOL_CONVERSION = YES;
				CLANG_WARN_COMMA = YES;
				CLANG_WARN_CONSTANT_CONVERSION = YES;
				CLANG_WARN_DEPRECATED_OBJC_IMPLEMENTATIONS = YES;
				CLANG_WARN_DIRECT_OBJC_ISA_USAGE = YES_ERROR;
				CLANG_WARN_DOCUMENTATION_COMMENTS = YES;
				CLANG_WARN_EMPTY_BODY = YES;
				CLANG_WARN_ENUM_CONVERSION = YES;
				CLANG_WARN_INFINITE_RECURSION = YES;
				CLANG_WARN_INT_CONVERSION = YES;
				CLANG_WARN_NON_LITERAL_NULL_CONVERSION = YES;
				CLANG_WARN_OBJC_IMPLICIT_RETAIN_SELF = YES;
				CLANG_WARN_OBJC_LITERAL_CONVERSION = YES;
				CLANG_WARN_OBJC_ROOT_CLASS = YES_ERROR;
				CLANG_WARN_QUOTED_INCLUDE_IN_FRAMEWORK_HEADER = YES;
				CLANG_WARN_RANGE_LOOP_ANALYSIS = YES;
				CLANG_WARN_STRICT_PROTOTYPES = YES;
				CLANG_WARN_SUSPICIOUS_MOVE = YES;
				CLANG_WARN_UNGUARDED_AVAILABILITY = YES_AGGRESSIVE;
				CLANG_WARN_UNREACHABLE_CODE = YES;
				CLANG_WARN__DUPLICATE_METHOD_MATCH = YES;
				COPY_PHASE_STRIP = NO;
				DEAD_CODE_STRIPPING = YES;
				DEBUG_INFORMATION_FORMAT = "dwarf-with-dsym";
				ENABLE_NS_ASSERTIONS = NO;
				ENABLE_STRICT_OBJC_MSGSEND = YES;
				ENABLE_USER_SCRIPT_SANDBOXING = YES;
				GCC_C_LANGUAGE_STANDARD = gnu11;
				GCC_NO_COMMON_BLOCKS = YES;
				GCC_WARN_64_TO_32_BIT_CONVERSION = YES;
				GCC_WARN_ABOUT_RETURN_TYPE = YES_ERROR;
				GCC_WARN_UNDECLARED_SELECTOR = YES;
				GCC_WARN_UNINITIALIZED_AUTOS = YES_AGGRESSIVE;
				GCC_WARN_UNUSED_FUNCTION = YES;
				GCC_WARN_UNUSED_VARIABLE = YES;
				MTL_ENABLE_DEBUG_INFO = NO;
				MTL_FAST_MATH = YES;
				SWIFT_COMPILATION_MODE = wholemodule;
				SWIFT_OPTIMIZATION_LEVEL = "-O";
			};
			name = Release;
		};
		4D39F1AC2AB0865000FD0BCD /* Debug */ = {
			isa = XCBuildConfiguration;
			buildSettings = {
				ASSETCATALOG_COMPILER_APPICON_NAME = AppIcon;
				ASSETCATALOG_COMPILER_GLOBAL_ACCENT_COLOR_NAME = AccentColor;
				CODE_SIGN_ENTITLEMENTS = LesMills/LesMills.entitlements;
				CODE_SIGN_STYLE = Automatic;
				CURRENT_PROJECT_VERSION = 1;
				DEAD_CODE_STRIPPING = YES;
				DEVELOPMENT_ASSET_PATHS = "\"LesMills/Preview Content\"";
				DEVELOPMENT_TEAM = MCWDNJU54B;
				ENABLE_PREVIEWS = YES;
				GENERATE_INFOPLIST_FILE = YES;
				INFOPLIST_FILE = LesMills/Info.plist;
				"INFOPLIST_KEY_UIApplicationSceneManifest_Generation[sdk=iphoneos*]" = YES;
				"INFOPLIST_KEY_UIApplicationSceneManifest_Generation[sdk=iphonesimulator*]" = YES;
				"INFOPLIST_KEY_UIApplicationSupportsIndirectInputEvents[sdk=iphoneos*]" = YES;
				"INFOPLIST_KEY_UIApplicationSupportsIndirectInputEvents[sdk=iphonesimulator*]" = YES;
				"INFOPLIST_KEY_UILaunchScreen_Generation[sdk=iphoneos*]" = YES;
				"INFOPLIST_KEY_UILaunchScreen_Generation[sdk=iphonesimulator*]" = YES;
				INFOPLIST_KEY_UILaunchStoryboardName = "";
				INFOPLIST_KEY_UIStatusBarStyle = "";
				"INFOPLIST_KEY_UIStatusBarStyle[sdk=iphoneos*]" = UIStatusBarStyleDefault;
				"INFOPLIST_KEY_UIStatusBarStyle[sdk=iphonesimulator*]" = UIStatusBarStyleDefault;
				INFOPLIST_KEY_UISupportedInterfaceOrientations_iPad = "UIInterfaceOrientationPortrait UIInterfaceOrientationPortraitUpsideDown UIInterfaceOrientationLandscapeLeft UIInterfaceOrientationLandscapeRight";
				INFOPLIST_KEY_UISupportedInterfaceOrientations_iPhone = "UIInterfaceOrientationPortrait UIInterfaceOrientationLandscapeLeft UIInterfaceOrientationLandscapeRight";
				IPHONEOS_DEPLOYMENT_TARGET = 16.4;
				LD_RUNPATH_SEARCH_PATHS = "@executable_path/Frameworks";
				"LD_RUNPATH_SEARCH_PATHS[sdk=macosx*]" = "@executable_path/../Frameworks";
				MACOSX_DEPLOYMENT_TARGET = 13.3;
				MARKETING_VERSION = 1.0;
				PRODUCT_BUNDLE_IDENTIFIER = com.asherfoster.LesMills;
				PRODUCT_NAME = "$(TARGET_NAME)";
				SDKROOT = auto;
				SUPPORTED_PLATFORMS = "iphoneos iphonesimulator macosx";
				SWIFT_EMIT_LOC_STRINGS = YES;
				SWIFT_VERSION = 5.0;
				TARGETED_DEVICE_FAMILY = "1,2";
			};
			name = Debug;
		};
		4D39F1AD2AB0865000FD0BCD /* Release */ = {
			isa = XCBuildConfiguration;
			buildSettings = {
				ASSETCATALOG_COMPILER_APPICON_NAME = AppIcon;
				ASSETCATALOG_COMPILER_GLOBAL_ACCENT_COLOR_NAME = AccentColor;
				CODE_SIGN_ENTITLEMENTS = LesMills/LesMills.entitlements;
				CODE_SIGN_STYLE = Automatic;
				CURRENT_PROJECT_VERSION = 1;
				DEAD_CODE_STRIPPING = YES;
				DEVELOPMENT_ASSET_PATHS = "\"LesMills/Preview Content\"";
				DEVELOPMENT_TEAM = MCWDNJU54B;
				ENABLE_PREVIEWS = YES;
				GENERATE_INFOPLIST_FILE = YES;
				INFOPLIST_FILE = LesMills/Info.plist;
				"INFOPLIST_KEY_UIApplicationSceneManifest_Generation[sdk=iphoneos*]" = YES;
				"INFOPLIST_KEY_UIApplicationSceneManifest_Generation[sdk=iphonesimulator*]" = YES;
				"INFOPLIST_KEY_UIApplicationSupportsIndirectInputEvents[sdk=iphoneos*]" = YES;
				"INFOPLIST_KEY_UIApplicationSupportsIndirectInputEvents[sdk=iphonesimulator*]" = YES;
				"INFOPLIST_KEY_UILaunchScreen_Generation[sdk=iphoneos*]" = YES;
				"INFOPLIST_KEY_UILaunchScreen_Generation[sdk=iphonesimulator*]" = YES;
				INFOPLIST_KEY_UILaunchStoryboardName = "";
				INFOPLIST_KEY_UIStatusBarStyle = "";
				"INFOPLIST_KEY_UIStatusBarStyle[sdk=iphoneos*]" = UIStatusBarStyleDefault;
				"INFOPLIST_KEY_UIStatusBarStyle[sdk=iphonesimulator*]" = UIStatusBarStyleDefault;
				INFOPLIST_KEY_UISupportedInterfaceOrientations_iPad = "UIInterfaceOrientationPortrait UIInterfaceOrientationPortraitUpsideDown UIInterfaceOrientationLandscapeLeft UIInterfaceOrientationLandscapeRight";
				INFOPLIST_KEY_UISupportedInterfaceOrientations_iPhone = "UIInterfaceOrientationPortrait UIInterfaceOrientationLandscapeLeft UIInterfaceOrientationLandscapeRight";
				IPHONEOS_DEPLOYMENT_TARGET = 16.4;
				LD_RUNPATH_SEARCH_PATHS = "@executable_path/Frameworks";
				"LD_RUNPATH_SEARCH_PATHS[sdk=macosx*]" = "@executable_path/../Frameworks";
				MACOSX_DEPLOYMENT_TARGET = 13.3;
				MARKETING_VERSION = 1.0;
				PRODUCT_BUNDLE_IDENTIFIER = com.asherfoster.LesMills;
				PRODUCT_NAME = "$(TARGET_NAME)";
				SDKROOT = auto;
				SUPPORTED_PLATFORMS = "iphoneos iphonesimulator macosx";
				SWIFT_EMIT_LOC_STRINGS = YES;
				SWIFT_VERSION = 5.0;
				TARGETED_DEVICE_FAMILY = "1,2";
			};
			name = Release;
		};
		4D39F1AF2AB0865000FD0BCD /* Debug */ = {
			isa = XCBuildConfiguration;
			buildSettings = {
				ALWAYS_EMBED_SWIFT_STANDARD_LIBRARIES = YES;
				BUNDLE_LOADER = "$(TEST_HOST)";
				CODE_SIGN_STYLE = Automatic;
				CURRENT_PROJECT_VERSION = 1;
				DEAD_CODE_STRIPPING = YES;
				GENERATE_INFOPLIST_FILE = YES;
				IPHONEOS_DEPLOYMENT_TARGET = 16.4;
				MACOSX_DEPLOYMENT_TARGET = 13.3;
				MARKETING_VERSION = 1.0;
				PRODUCT_BUNDLE_IDENTIFIER = com.asherfoster.LesMillsTests;
				PRODUCT_NAME = "$(TARGET_NAME)";
				SDKROOT = auto;
				SUPPORTED_PLATFORMS = "iphoneos iphonesimulator macosx";
				SWIFT_EMIT_LOC_STRINGS = NO;
				SWIFT_VERSION = 5.0;
				TARGETED_DEVICE_FAMILY = "1,2";
				TEST_HOST = "$(BUILT_PRODUCTS_DIR)/LesMills.app/$(BUNDLE_EXECUTABLE_FOLDER_PATH)/LesMills";
			};
			name = Debug;
		};
		4D39F1B02AB0865000FD0BCD /* Release */ = {
			isa = XCBuildConfiguration;
			buildSettings = {
				ALWAYS_EMBED_SWIFT_STANDARD_LIBRARIES = YES;
				BUNDLE_LOADER = "$(TEST_HOST)";
				CODE_SIGN_STYLE = Automatic;
				CURRENT_PROJECT_VERSION = 1;
				DEAD_CODE_STRIPPING = YES;
				GENERATE_INFOPLIST_FILE = YES;
				IPHONEOS_DEPLOYMENT_TARGET = 16.4;
				MACOSX_DEPLOYMENT_TARGET = 13.3;
				MARKETING_VERSION = 1.0;
				PRODUCT_BUNDLE_IDENTIFIER = com.asherfoster.LesMillsTests;
				PRODUCT_NAME = "$(TARGET_NAME)";
				SDKROOT = auto;
				SUPPORTED_PLATFORMS = "iphoneos iphonesimulator macosx";
				SWIFT_EMIT_LOC_STRINGS = NO;
				SWIFT_VERSION = 5.0;
				TARGETED_DEVICE_FAMILY = "1,2";
				TEST_HOST = "$(BUILT_PRODUCTS_DIR)/LesMills.app/$(BUNDLE_EXECUTABLE_FOLDER_PATH)/LesMills";
			};
			name = Release;
		};
		4D39F1B22AB0865000FD0BCD /* Debug */ = {
			isa = XCBuildConfiguration;
			buildSettings = {
				ALWAYS_EMBED_SWIFT_STANDARD_LIBRARIES = YES;
				CODE_SIGN_STYLE = Automatic;
				CURRENT_PROJECT_VERSION = 1;
				DEAD_CODE_STRIPPING = YES;
				GENERATE_INFOPLIST_FILE = YES;
				IPHONEOS_DEPLOYMENT_TARGET = 16.4;
				MACOSX_DEPLOYMENT_TARGET = 13.3;
				MARKETING_VERSION = 1.0;
				PRODUCT_BUNDLE_IDENTIFIER = com.asherfoster.LesMillsUITests;
				PRODUCT_NAME = "$(TARGET_NAME)";
				SDKROOT = auto;
				SUPPORTED_PLATFORMS = "iphoneos iphonesimulator macosx";
				SWIFT_EMIT_LOC_STRINGS = NO;
				SWIFT_VERSION = 5.0;
				TARGETED_DEVICE_FAMILY = "1,2";
				TEST_TARGET_NAME = LesMills;
			};
			name = Debug;
		};
		4D39F1B32AB0865000FD0BCD /* Release */ = {
			isa = XCBuildConfiguration;
			buildSettings = {
				ALWAYS_EMBED_SWIFT_STANDARD_LIBRARIES = YES;
				CODE_SIGN_STYLE = Automatic;
				CURRENT_PROJECT_VERSION = 1;
				DEAD_CODE_STRIPPING = YES;
				GENERATE_INFOPLIST_FILE = YES;
				IPHONEOS_DEPLOYMENT_TARGET = 16.4;
				MACOSX_DEPLOYMENT_TARGET = 13.3;
				MARKETING_VERSION = 1.0;
				PRODUCT_BUNDLE_IDENTIFIER = com.asherfoster.LesMillsUITests;
				PRODUCT_NAME = "$(TARGET_NAME)";
				SDKROOT = auto;
				SUPPORTED_PLATFORMS = "iphoneos iphonesimulator macosx";
				SWIFT_EMIT_LOC_STRINGS = NO;
				SWIFT_VERSION = 5.0;
				TARGETED_DEVICE_FAMILY = "1,2";
				TEST_TARGET_NAME = LesMills;
			};
			name = Release;
		};
/* End XCBuildConfiguration section */

/* Begin XCConfigurationList section */
		4D39F1812AB0864F00FD0BCD /* Build configuration list for PBXProject "LesMills" */ = {
			isa = XCConfigurationList;
			buildConfigurations = (
				4D39F1A92AB0865000FD0BCD /* Debug */,
				4D39F1AA2AB0865000FD0BCD /* Release */,
			);
			defaultConfigurationIsVisible = 0;
			defaultConfigurationName = Release;
		};
		4D39F1AB2AB0865000FD0BCD /* Build configuration list for PBXNativeTarget "LesMills" */ = {
			isa = XCConfigurationList;
			buildConfigurations = (
				4D39F1AC2AB0865000FD0BCD /* Debug */,
				4D39F1AD2AB0865000FD0BCD /* Release */,
			);
			defaultConfigurationIsVisible = 0;
			defaultConfigurationName = Release;
		};
		4D39F1AE2AB0865000FD0BCD /* Build configuration list for PBXNativeTarget "LesMillsTests" */ = {
			isa = XCConfigurationList;
			buildConfigurations = (
				4D39F1AF2AB0865000FD0BCD /* Debug */,
				4D39F1B02AB0865000FD0BCD /* Release */,
			);
			defaultConfigurationIsVisible = 0;
			defaultConfigurationName = Release;
		};
		4D39F1B12AB0865000FD0BCD /* Build configuration list for PBXNativeTarget "LesMillsUITests" */ = {
			isa = XCConfigurationList;
			buildConfigurations = (
				4D39F1B22AB0865000FD0BCD /* Debug */,
				4D39F1B32AB0865000FD0BCD /* Release */,
			);
			defaultConfigurationIsVisible = 0;
			defaultConfigurationName = Release;
		};
/* End XCConfigurationList section */

/* Begin XCRemoteSwiftPackageReference section */
		4D90426E2AFB7936001E3311 /* XCRemoteSwiftPackageReference "Get" */ = {
			isa = XCRemoteSwiftPackageReference;
			repositoryURL = "https://github.com/kean/Get";
			requirement = {
				kind = upToNextMajorVersion;
				minimumVersion = 2.1.6;
			};
		};
		4D9042862AFB95A4001E3311 /* XCRemoteSwiftPackageReference "Factory" */ = {
			isa = XCRemoteSwiftPackageReference;
			repositoryURL = "https://github.com/hmlongco/Factory";
			requirement = {
				kind = upToNextMajorVersion;
				minimumVersion = 2.3.1;
			};
		};
/* End XCRemoteSwiftPackageReference section */

/* Begin XCSwiftPackageProductDependency section */
		4D90426F2AFB7936001E3311 /* Get */ = {
			isa = XCSwiftPackageProductDependency;
			package = 4D90426E2AFB7936001E3311 /* XCRemoteSwiftPackageReference "Get" */;
			productName = Get;
		};
		4D9042872AFB95A4001E3311 /* Factory */ = {
			isa = XCSwiftPackageProductDependency;
			package = 4D9042862AFB95A4001E3311 /* XCRemoteSwiftPackageReference "Factory" */;
			productName = Factory;
		};
/* End XCSwiftPackageProductDependency section */
	};
	rootObject = 4D39F17E2AB0864F00FD0BCD /* Project object */;
}
